
Microsoft Visual Studio Solution File, Format Version 12.00
# Visual Studio Version 16
VisualStudioVersion = 16.0.30517.126
MinimumVisualStudioVersion = 10.0.40219.1
Project("{FAE04EC0-301F-11D3-BF4B-00C04F79EFBC}") = "Part 5 - Console Decision", "Part 5 - Console Decision\Part 5 - Console Decision.csproj", "{9F30C68D-7BAF-4333-807F-BBA0F697AB6E}"
EndProject
Global
	GlobalSection(SolutionConfigurationPlatforms) = preSolution
		Debug|Any CPU = Debug|Any CPU
		Release|Any CPU = Release|Any CPU
	EndGlobalSection
	GlobalSection(ProjectConfigurationPlatforms) = postSolution
		{9F30C68D-7BAF-4333-807F-BBA0F697AB6E}.Debug|Any CPU.ActiveCfg = Debug|Any CPU
		{9F30C68D-7BAF-4333-807F-BBA0F697AB6E}.Debug|Any CPU.Build.0 = Debug|Any CPU
		{9F30C68D-7BAF-4333-807F-BBA0F697AB6E}.Release|Any CPU.ActiveCfg = Release|Any CPU
		{9F30C68D-7BAF-4333-807F-BBA0F697AB6E}.Release|Any CPU.Build.0 = Release|Any CPU
	EndGlobalSection
	GlobalSection(SolutionProperties) = preSolution
		HideSolutionNode = FALSE
	EndGlobalSection
	GlobalSection(ExtensibilityGlobals) = postSolution
		SolutionGuid = {B9F5958F-C71C-466A-A7A2-747CABD7A4CB}
	EndGlobalSection
EndGlobal
